{
    "name": "plcr",
    "version": "1.2.0",
    "lockfileVersion": 1,
    "requires": true,
    "dependencies": {
        "html-entities": {
            "version": "1.2.1",
            "resolved": "https://registry.npmjs.org/html-entities/-/html-entities-1.2.1.tgz",
            "integrity": "sha1-DfKTUfByEWNRXfueVUPl9u7VFi8="
        },
        "vid_data": {
            "version": "0.3.1",
            "resolved": "https://registry.npmjs.org/vid_data/-/vid_data-0.3.1.tgz",
            "integrity": "sha512-x2rBrC1pyb+IT92aSOrFwcfmBIZgCSRswAO+moc6z5H3Kd63XRbMGSQMO186HgJ/E8zyyo67Y93717jPwBszxw=="
        },
        "ytpl": {
            "version": "0.1.14",
            "resolved": "https://registry.npmjs.org/ytpl/-/ytpl-0.1.14.tgz",
            "integrity": "sha512-e5GZDAakgu7EC0ooPAtvuiUz0gugivU8ZkyNen5hwfnl4NAo4HuoDeYODGYso9T8/M7thEW9VZTlCedjXmL/mQ==",
            "requires": {
                "html-entities": "^1.1.3"
            }
        }
    }
}
